
Microsoft Visual Studio Solution File, Format Version 12.00
# Visual Studio Version 17
VisualStudioVersion = 17.2.32630.192
MinimumVisualStudioVersion = 10.0.40219.1
Project("{9A19103F-16F7-4668-BE54-9A1E7A4F7556}") = "CarGallery", "CarGallery.csproj", "{02E7CB4F-6DE4-4E46-99C1-EEF8E7D2BB7F}"
EndProject
Global
	GlobalSection(SolutionConfigurationPlatforms) = preSolution
		Debug|Any CPU = Debug|Any CPU
		Release|Any CPU = Release|Any CPU
	EndGlobalSection
	GlobalSection(ProjectConfigurationPlatforms) = postSolution
		{02E7CB4F-6DE4-4E46-99C1-EEF8E7D2BB7F}.Debug|Any CPU.ActiveCfg = Debug|Any CPU
		{02E7CB4F-6DE4-4E46-99C1-EEF8E7D2BB7F}.Debug|Any CPU.Build.0 = Debug|Any CPU
		{02E7CB4F-6DE4-4E46-99C1-EEF8E7D2BB7F}.Release|Any CPU.ActiveCfg = Release|Any CPU
		{02E7CB4F-6DE4-4E46-99C1-EEF8E7D2BB7F}.Release|Any CPU.Build.0 = Release|Any CPU
	EndGlobalSection
	GlobalSection(SolutionProperties) = preSolution
		HideSolutionNode = FALSE
	EndGlobalSection
	GlobalSection(ExtensibilityGlobals) = postSolution
		SolutionGuid = {517EA83F-AC6D-4A39-8A40-A7B89ADA5056}
	EndGlobalSection
EndGlobal
